// !$*UTF8*$!
{
	archiveVersion = 1;
	classes = {
	};
	objectVersion = 46;
	objects = {

/* Begin PBXBuildFile section */
		6C65F37B1D6847F000C1B210 /* Assets.xcassets in Resources */ = {isa = PBXBuildFile; fileRef = 6C65F37A1D6847F000C1B210 /* Assets.xcassets */; };
		6C65F37E1D6847F000C1B210 /* LaunchScreen.storyboard in Resources */ = {isa = PBXBuildFile; fileRef = 6C65F37C1D6847F000C1B210 /* LaunchScreen.storyboard */; };
		6C65F38A1D68483B00C1B210 /* AppDelegate.m in Sources */ = {isa = PBXBuildFile; fileRef = 6C65F3871D68483B00C1B210 /* AppDelegate.m */; };
		6C65F38C1D68483B00C1B210 /* main.m in Sources */ = {isa = PBXBuildFile; fileRef = 6C65F3891D68483B00C1B210 /* main.m */; };
		6C65F3901D68489000C1B210 /* DemoViewController.m in Sources */ = {isa = PBXBuildFile; fileRef = 6C65F38F1D68489000C1B210 /* DemoViewController.m */; };
		6C65F3961D6848D400C1B210 /* SDProgressHUD.m in Sources */ = {isa = PBXBuildFile; fileRef = 6C65F3931D6848D400C1B210 /* SDProgressHUD.m */; };
		6C65F3971D6848D400C1B210 /* SDProgressView.m in Sources */ = {isa = PBXBuildFile; fileRef = 6C65F3951D6848D400C1B210 /* SDProgressView.m */; };
/* End PBXBuildFile section */

/* Begin PBXFileReference section */
		6C65F36B1D6847F000C1B210 /* SDProgressHUD Demo.app */ = {isa = PBXFileReference; explicitFileType = wrapper.application; includeInIndex = 0; path = "SDProgressHUD Demo.app"; sourceTree = BUILT_PRODUCTS_DIR; };
		6C65F37A1D6847F000C1B210 /* Assets.xcassets */ = {isa = PBXFileReference; lastKnownFileType = folder.assetcatalog; path = Assets.xcassets; sourceTree = "<group>"; };
		6C65F37D1D6847F000C1B210 /* Base */ = {isa = PBXFileReference; lastKnownFileType = file.storyboard; name = Base; path = Base.lproj/LaunchScreen.storyboard; sourceTree = "<group>"; };
		6C65F3861D68483B00C1B210 /* AppDelegate.h */ = {isa = PBXFileReference; fileEncoding = 4; lastKnownFileType = sourcecode.c.h; path = AppDelegate.h; sourceTree = "<group>"; };
		6C65F3871D68483B00C1B210 /* AppDelegate.m */ = {isa = PBXFileReference; fileEncoding = 4; lastKnownFileType = sourcecode.c.objc; path = AppDelegate.m; sourceTree = "<group>"; };
		6C65F3881D68483B00C1B210 /* Info.plist */ = {isa = PBXFileReference; fileEncoding = 4; lastKnownFileType = text.plist.xml; path = Info.plist; sourceTree = "<group>"; };
		6C65F3891D68483B00C1B210 /* main.m */ = {isa = PBXFileReference; fileEncoding = 4; lastKnownFileType = sourcecode.c.objc; path = main.m; sourceTree = "<group>"; };
		6C65F38E1D68489000C1B210 /* DemoViewController.h */ = {isa = PBXFileReference; fileEncoding = 4; lastKnownFileType = sourcecode.c.h; path = DemoViewController.h; sourceTree = "<group>"; };
		6C65F38F1D68489000C1B210 /* DemoViewController.m */ = {isa = PBXFileReference; fileEncoding = 4; lastKnownFileType = sourcecode.c.objc; path = DemoViewController.m; sourceTree = "<group>"; };
		6C65F3921D6848D400C1B210 /* SDProgressHUD.h */ = {isa = PBXFileReference; fileEncoding = 4; lastKnownFileType = sourcecode.c.h; path = SDProgressHUD.h; sourceTree = "<group>"; };
		6C65F3931D6848D400C1B210 /* SDProgressHUD.m */ = {isa = PBXFileReference; fileEncoding = 4; lastKnownFileType = sourcecode.c.objc; path = SDProgressHUD.m; sourceTree = "<group>"; };
		6C65F3941D6848D400C1B210 /* SDProgressView.h */ = {isa = PBXFileReference; fileEncoding = 4; lastKnownFileType = sourcecode.c.h; path = SDProgressView.h; sourceTree = "<group>"; };
		6C65F3951D6848D400C1B210 /* SDProgressView.m */ = {isa = PBXFileReference; fileEncoding = 4; lastKnownFileType = sourcecode.c.objc; path = SDProgressView.m; sourceTree = "<group>"; };
/* End PBXFileReference section */

/* Begin PBXFrameworksBuildPhase section */
		6C65F3681D6847F000C1B210 /* Frameworks */ = {
			isa = PBXFrameworksBuildPhase;
			buildActionMask = 2147483647;
			files = (
			);
			runOnlyForDeploymentPostprocessing = 0;
		};
/* End PBXFrameworksBuildPhase section */

/* Begin PBXGroup section */
		6C65F3621D6847F000C1B210 = {
			isa = PBXGroup;
			children = (
				6C65F36D1D6847F000C1B210 /* SDProgressHUD Demo */,
				6C65F36C1D6847F000C1B210 /* Products */,
			);
			sourceTree = "<group>";
		};
		6C65F36C1D6847F000C1B210 /* Products */ = {
			isa = PBXGroup;
			children = (
				6C65F36B1D6847F000C1B210 /* SDProgressHUD Demo.app */,
			);
			name = Products;
			sourceTree = "<group>";
		};
		6C65F36D1D6847F000C1B210 /* SDProgressHUD Demo */ = {
			isa = PBXGroup;
			children = (
				6C65F38D1D68488300C1B210 /* Demo */,
				6C65F3911D6848D400C1B210 /* SDProgressHUD */,
				6C65F3851D68483B00C1B210 /* System */,
				6C65F37A1D6847F000C1B210 /* Assets.xcassets */,
				6C65F37C1D6847F000C1B210 /* LaunchScreen.storyboard */,
			);
			path = "SDProgressHUD Demo";
			sourceTree = "<group>";
		};
		6C65F3851D68483B00C1B210 /* System */ = {
			isa = PBXGroup;
			children = (
				6C65F3861D68483B00C1B210 /* AppDelegate.h */,
				6C65F3871D68483B00C1B210 /* AppDelegate.m */,
				6C65F3881D68483B00C1B210 /* Info.plist */,
				6C65F3891D68483B00C1B210 /* main.m */,
			);
			path = System;
			sourceTree = "<group>";
		};
		6C65F38D1D68488300C1B210 /* Demo */ = {
			isa = PBXGroup;
			children = (
				6C65F38E1D68489000C1B210 /* DemoViewController.h */,
				6C65F38F1D68489000C1B210 /* DemoViewController.m */,
			);
			path = Demo;
			sourceTree = "<group>";
		};
		6C65F3911D6848D400C1B210 /* SDProgressHUD */ = {
			isa = PBXGroup;
			children = (
				6C65F3921D6848D400C1B210 /* SDProgressHUD.h */,
				6C65F3931D6848D400C1B210 /* SDProgressHUD.m */,
				6C65F3941D6848D400C1B210 /* SDProgressView.h */,
				6C65F3951D6848D400C1B210 /* SDProgressView.m */,
			);
			path = SDProgressHUD;
			sourceTree = SOURCE_ROOT;
		};
/* End PBXGroup section */

/* Begin PBXNativeTarget section */
		6C65F36A1D6847F000C1B210 /* SDProgressHUD Demo */ = {
			isa = PBXNativeTarget;
			buildConfigurationList = 6C65F3821D6847F000C1B210 /* Build configuration list for PBXNativeTarget "SDProgressHUD Demo" */;
			buildPhases = (
				6C65F3671D6847F000C1B210 /* Sources */,
				6C65F3681D6847F000C1B210 /* Frameworks */,
				6C65F3691D6847F000C1B210 /* Resources */,
			);
			buildRules = (
			);
			dependencies = (
			);
			name = "SDProgressHUD Demo";
			productName = "SDProgressHUD Demo";
			productReference = 6C65F36B1D6847F000C1B210 /* SDProgressHUD Demo.app */;
			productType = "com.apple.product-type.application";
		};
/* End PBXNativeTarget section */

/* Begin PBXProject section */
		6C65F3631D6847F000C1B210 /* Project object */ = {
			isa = PBXProject;
			attributes = {
				LastUpgradeCheck = 0720;
				ORGANIZATIONNAME = XuShuduo;
				TargetAttributes = {
					6C65F36A1D6847F000C1B210 = {
						CreatedOnToolsVersion = 7.2;
					};
				};
			};
			buildConfigurationList = 6C65F3661D6847F000C1B210 /* Build configuration list for PBXProject "SDProgressHUD Demo" */;
			compatibilityVersion = "Xcode 3.2";
			developmentRegion = English;
			hasScannedForEncodings = 0;
			knownRegions = (
				en,
				Base,
			);
			mainGroup = 6C65F3621D6847F000C1B210;
			productRefGroup = 6C65F36C1D6847F000C1B210 /* Products */;
			projectDirPath = "";
			projectRoot = "";
			targets = (
				6C65F36A1D6847F000C1B210 /* SDProgressHUD Demo */,
			);
		};
/* End PBXProject section */

/* Begin PBXResourcesBuildPhase section */
		6C65F3691D6847F000C1B210 /* Resources */ = {
			isa = PBXResourcesBuildPhase;
			buildActionMask = 2147483647;
			files = (
				6C65F37E1D6847F000C1B210 /* LaunchScreen.storyboard in Resources */,
				6C65F37B1D6847F000C1B210 /* Assets.xcassets in Resources */,
			);
			runOnlyForDeploymentPostprocessing = 0;
		};
/* End PBXResourcesBuildPhase section */

/* Begin PBXSourcesBuildPhase section */
		6C65F3671D6847F000C1B210 /* Sources */ = {
			isa = PBXSourcesBuildPhase;
			buildActionMask = 2147483647;
			files = (
				6C65F3901D68489000C1B210 /* DemoViewController.m in Sources */,
				6C65F3971D6848D400C1B210 /* SDProgressView.m in Sources */,
				6C65F38C1D68483B00C1B210 /* main.m in Sources */,
				6C65F38A1D68483B00C1B210 /* AppDelegate.m in Sources */,
				6C65F3961D6848D400C1B210 /* SDProgressHUD.m in Sources */,
			);
			runOnlyForDeploymentPostprocessing = 0;
		};
/* End PBXSourcesBuildPhase section */

/* Begin PBXVariantGroup section */
		6C65F37C1D6847F000C1B210 /* LaunchScreen.storyboard */ = {
			isa = PBXVariantGroup;
			children = (
				6C65F37D1D6847F000C1B210 /* Base */,
			);
			name = LaunchScreen.storyboard;
			sourceTree = "<group>";
		};
/* End PBXVariantGroup section */

/* Begin XCBuildConfiguration section */
		6C65F3801D6847F000C1B210 /* Debug */ = {
			isa = XCBuildConfiguration;
			buildSettings = {
				ALWAYS_SEARCH_USER_PATHS = NO;
				CLANG_CXX_LANGUAGE_STANDARD = "gnu++0x";
				CLANG_CXX_LIBRARY = "libc++";
				CLANG_ENABLE_MODULES = YES;
				CLANG_ENABLE_OBJC_ARC = YES;
				CLANG_WARN_BOOL_CONVERSION = YES;
				CLANG_WARN_CONSTANT_CONVERSION = YES;
				CLANG_WARN_DIRECT_OBJC_ISA_USAGE = YES_ERROR;
				CLANG_WARN_EMPTY_BODY = YES;
				CLANG_WARN_ENUM_CONVERSION = YES;
				CLANG_WARN_INT_CONVERSION = YES;
				CLANG_WARN_OBJC_ROOT_CLASS = YES_ERROR;
				CLANG_WARN_UNREACHABLE_CODE = YES;
				CLANG_WARN__DUPLICATE_METHOD_MATCH = YES;
				"CODE_SIGN_IDENTITY[sdk=iphoneos*]" = "iPhone Developer";
				COPY_PHASE_STRIP = NO;
				DEBUG_INFORMATION_FORMAT = dwarf;
				ENABLE_STRICT_OBJC_MSGSEND = YES;
				ENABLE_TESTABILITY = YES;
				GCC_C_LANGUAGE_STANDARD = gnu99;
				GCC_DYNAMIC_NO_PIC = NO;
				GCC_NO_COMMON_BLOCKS = YES;
				GCC_OPTIMIZATION_LEVEL = 0;
				GCC_PREPROCESSOR_DEFINITIONS = (
					"DEBUG=1",
					"$(inherited)",
				);
				GCC_WARN_64_TO_32_BIT_CONVERSION = YES;
				GCC_WARN_ABOUT_RETURN_TYPE = YES_ERROR;
				GCC_WARN_UNDECLARED_SELECTOR = YES;
				GCC_WARN_UNINITIALIZED_AUTOS = YES_AGGRESSIVE;
				GCC_WARN_UNUSED_FUNCTION = YES;
				GCC_WARN_UNUSED_VARIABLE = YES;
				IPHONEOS_DEPLOYMENT_TARGET = 8.0;
				MTL_ENABLE_DEBUG_INFO = YES;
				ONLY_ACTIVE_ARCH = YES;
				SDKROOT = iphoneos;
			};
			name = Debug;
		};
		6C65F3811D6847F000C1B210 /* Release */ = {
			isa = XCBuildConfiguration;
			buildSettings = {
				ALWAYS_SEARCH_USER_PATHS = NO;
				CLANG_CXX_LANGUAGE_STANDARD = "gnu++0x";
				CLANG_CXX_LIBRARY = "libc++";
				CLANG_ENABLE_MODULES = YES;
				CLANG_ENABLE_OBJC_ARC = YES;
				CLANG_WARN_BOOL_CONVERSION = YES;
				CLANG_WARN_CONSTANT_CONVERSION = YES;
				CLANG_WARN_DIRECT_OBJC_ISA_USAGE = YES_ERROR;
				CLANG_WARN_EMPTY_BODY = YES;
				CLANG_WARN_ENUM_CONVERSION = YES;
				CLANG_WARN_INT_CONVERSION = YES;
				CLANG_WARN_OBJC_ROOT_CLASS = YES_ERROR;
				CLANG_WARN_UNREACHABLE_CODE = YES;
				CLANG_WARN__DUPLICATE_METHOD_MATCH = YES;
				"CODE_SIGN_IDENTITY[sdk=iphoneos*]" = "iPhone Developer";
				COPY_PHASE_STRIP = NO;
				DEBUG_INFORMATION_FORMAT = "dwarf-with-dsym";
				ENABLE_NS_ASSERTIONS = NO;
				ENABLE_STRICT_OBJC_MSGSEND = YES;
				GCC_C_LANGUAGE_STANDARD = gnu99;
				GCC_NO_COMMON_BLOCKS = YES;
				GCC_WARN_64_TO_32_BIT_CONVERSION = YES;
				GCC_WARN_ABOUT_RETURN_TYPE = YES_ERROR;
				GCC_WARN_UNDECLARED_SELECTOR = YES;
				GCC_WARN_UNINITIALIZED_AUTOS = YES_AGGRESSIVE;
				GCC_WARN_UNUSED_FUNCTION = YES;
				GCC_WARN_UNUSED_VARIABLE = YES;
				IPHONEOS_DEPLOYMENT_TARGET = 8.0;
				MTL_ENABLE_DEBUG_INFO = NO;
				SDKROOT = iphoneos;
				VALIDATE_PRODUCT = YES;
			};
			name = Release;
		};
		6C65F3831D6847F000C1B210 /* Debug */ = {
			isa = XCBuildConfiguration;
			buildSettings = {
				ASSETCATALOG_COMPILER_APPICON_NAME = AppIcon;
				INFOPLIST_FILE = "$(SRCROOT)/SDProgressHUD Demo/System/Info.plist";
				LD_RUNPATH_SEARCH_PATHS = "$(inherited) @executable_path/Frameworks";
				PRODUCT_BUNDLE_IDENTIFIER = "com.xushuduo.SDProgressHUD-Demo";
				PRODUCT_NAME = "$(TARGET_NAME)";
			};
			name = Debug;
		};
		6C65F3841D6847F000C1B210 /* Release */ = {
			isa = XCBuildConfiguration;
			buildSettings = {
				ASSETCATALOG_COMPILER_APPICON_NAME = AppIcon;
				INFOPLIST_FILE = "$(SRCROOT)/SDProgressHUD Demo/System/Info.plist";
				LD_RUNPATH_SEARCH_PATHS = "$(inherited) @executable_path/Frameworks";
				PRODUCT_BUNDLE_IDENTIFIER = "com.xushuduo.SDProgressHUD-Demo";
				PRODUCT_NAME = "$(TARGET_NAME)";
			};
			name = Release;
		};
/* End XCBuildConfiguration section */

/* Begin XCConfigurationList section */
		6C65F3661D6847F000C1B210 /* Build configuration list for PBXProject "SDProgressHUD Demo" */ = {
			isa = XCConfigurationList;
			buildConfigurations = (
				6C65F3801D6847F000C1B210 /* Debug */,
				6C65F3811D6847F000C1B210 /* Release */,
			);
			defaultConfigurationIsVisible = 0;
			defaultConfigurationName = Release;
		};
		6C65F3821D6847F000C1B210 /* Build configuration list for PBXNativeTarget "SDProgressHUD Demo" */ = {
			isa = XCConfigurationList;
			buildConfigurations = (
				6C65F3831D6847F000C1B210 /* Debug */,
				6C65F3841D6847F000C1B210 /* Release */,
			);
			defaultConfigurationIsVisible = 0;
			defaultConfigurationName = Release;
		};
/* End XCConfigurationList section */
	};
	rootObject = 6C65F3631D6847F000C1B210 /* Project object */;
}
